// !$*UTF8*$!
{
	archiveVersion = 1;
	classes = {
	};
	objectVersion = 56;
	objects = {

/* Begin PBXBuildFile section */
		AB181D792BBFF27900BD002E /* Number+Utils.swift in Sources */ = {isa = PBXBuildFile; fileRef = AB181D782BBFF27900BD002E /* Number+Utils.swift */; };
		AB181D7B2BC1DD9800BD002E /* BaseDropDown.swift in Sources */ = {isa = PBXBuildFile; fileRef = AB181D7A2BC1DD9800BD002E /* BaseDropDown.swift */; };
		AB7FAB722BBC61D200B97DC3 /* BaseActions.swift in Sources */ = {isa = PBXBuildFile; fileRef = AB7FAB712BBC61D200B97DC3 /* BaseActions.swift */; };
		AB7FAB742BBC61D200B97DC3 /* BaseAlert.swift in Sources */ = {isa = PBXBuildFile; fileRef = AB7FAB732BBC61D200B97DC3 /* BaseAlert.swift */; };
		AB7FAB782BBC61D200B97DC3 /* BaseBlur.swift in Sources */ = {isa = PBXBuildFile; fileRef = AB7FAB772BBC61D200B97DC3 /* BaseBlur.swift */; };
		AB7FAB7A2BBC61D200B97DC3 /* BaseButton.swift in Sources */ = {isa = PBXBuildFile; fileRef = AB7FAB792BBC61D200B97DC3 /* BaseButton.swift */; };
		AB7FAB7C2BBC61D200B97DC3 /* BaseError.swift in Sources */ = {isa = PBXBuildFile; fileRef = AB7FAB7B2BBC61D200B97DC3 /* BaseError.swift */; };
		AB7FAB7E2BBC61D200B97DC3 /* BaseLoader.swift in Sources */ = {isa = PBXBuildFile; fileRef = AB7FAB7D2BBC61D200B97DC3 /* BaseLoader.swift */; };
		AB7FAB802BBC61D200B97DC3 /* BaseTopBar.swift in Sources */ = {isa = PBXBuildFile; fileRef = AB7FAB7F2BBC61D200B97DC3 /* BaseTopBar.swift */; };
		AB7FAB822BBC61D200B97DC3 /* BaseView.swift in Sources */ = {isa = PBXBuildFile; fileRef = AB7FAB812BBC61D200B97DC3 /* BaseView.swift */; };
		AB7FAB842BBC61D200B97DC3 /* BaseViewController.swift in Sources */ = {isa = PBXBuildFile; fileRef = AB7FAB832BBC61D200B97DC3 /* BaseViewController.swift */; };
		AB7FAB862BBC61D200B97DC3 /* BaseViewModel.swift in Sources */ = {isa = PBXBuildFile; fileRef = AB7FAB852BBC61D200B97DC3 /* BaseViewModel.swift */; };
		AB7FAB882BBC61D200B97DC3 /* BaseWireframe.swift in Sources */ = {isa = PBXBuildFile; fileRef = AB7FAB872BBC61D200B97DC3 /* BaseWireframe.swift */; };
		AB7FAB8B2BBC61D200B97DC3 /* Environment.swift in Sources */ = {isa = PBXBuildFile; fileRef = AB7FAB8A2BBC61D200B97DC3 /* Environment.swift */; };
		AB7FAB8D2BBC61D200B97DC3 /* Config.plist in Resources */ = {isa = PBXBuildFile; fileRef = AB7FAB8C2BBC61D200B97DC3 /* Config.plist */; };
		AB7FAB952BBC61D200B97DC3 /* DeviceInfo.swift in Sources */ = {isa = PBXBuildFile; fileRef = AB7FAB942BBC61D200B97DC3 /* DeviceInfo.swift */; };
		AB7FAB992BBC61D200B97DC3 /* UserDefaultsCache.swift in Sources */ = {isa = PBXBuildFile; fileRef = AB7FAB982BBC61D200B97DC3 /* UserDefaultsCache.swift */; };
		AB7FAB9E2BBC61D200B97DC3 /* Strings+Utils.swift in Sources */ = {isa = PBXBuildFile; fileRef = AB7FAB9D2BBC61D200B97DC3 /* Strings+Utils.swift */; };
		AB7FABA02BBC61D200B97DC3 /* SwiftUI+Utils.swift in Sources */ = {isa = PBXBuildFile; fileRef = AB7FAB9F2BBC61D200B97DC3 /* SwiftUI+Utils.swift */; };
		AB7FABA22BBC61D200B97DC3 /* UIApplication+Window.swift in Sources */ = {isa = PBXBuildFile; fileRef = AB7FABA12BBC61D200B97DC3 /* UIApplication+Window.swift */; };
		AB7FABA52BBC61D200B97DC3 /* Colors+Style.swift in Sources */ = {isa = PBXBuildFile; fileRef = AB7FABA42BBC61D200B97DC3 /* Colors+Style.swift */; };
		AB7FABA72BBC61D200B97DC3 /* UIColors+Style.swift in Sources */ = {isa = PBXBuildFile; fileRef = AB7FABA62BBC61D200B97DC3 /* UIColors+Style.swift */; };
		AB7FABA92BBC61D200B97DC3 /* Fonts+Styles.swift in Sources */ = {isa = PBXBuildFile; fileRef = AB7FABA82BBC61D200B97DC3 /* Fonts+Styles.swift */; };
		AB7FABAB2BBC61D200B97DC3 /* Styles.swift in Sources */ = {isa = PBXBuildFile; fileRef = AB7FABAA2BBC61D200B97DC3 /* Styles.swift */; };
		AB7FABAF2BBC61D200B97DC3 /* LaunchSplash.xib in Resources */ = {isa = PBXBuildFile; fileRef = AB7FABAE2BBC61D200B97DC3 /* LaunchSplash.xib */; };
		AB7FABB12BBC61D200B97DC3 /* LaunchView.swift in Sources */ = {isa = PBXBuildFile; fileRef = AB7FABB02BBC61D200B97DC3 /* LaunchView.swift */; };
		AB7FABB32BBC61D200B97DC3 /* LaunchViewModel.swift in Sources */ = {isa = PBXBuildFile; fileRef = AB7FABB22BBC61D200B97DC3 /* LaunchViewModel.swift */; };
		AB7FABB52BBC61D200B97DC3 /* LaunchWireframe.swift in Sources */ = {isa = PBXBuildFile; fileRef = AB7FABB42BBC61D200B97DC3 /* LaunchWireframe.swift */; };
		AB7FABBA2BBC61D200B97DC3 /* en in Resources */ = {isa = PBXBuildFile; fileRef = AB7FABB92BBC61D200B97DC3 /* en */; };
		AB7FABBE2BBC61D200B97DC3 /* es in Resources */ = {isa = PBXBuildFile; fileRef = AB7FABBD2BBC61D200B97DC3 /* es */; };
		AB7FABC02BBC61D200B97DC3 /* AppDelegate.swift in Sources */ = {isa = PBXBuildFile; fileRef = AB7FABBF2BBC61D200B97DC3 /* AppDelegate.swift */; };
		AB7FABC62BBC61D300B97DC3 /* Assets.xcassets in Resources */ = {isa = PBXBuildFile; fileRef = AB7FABC52BBC61D300B97DC3 /* Assets.xcassets */; };
		AB7FABC92BBC61D300B97DC3 /* Preview Assets.xcassets in Resources */ = {isa = PBXBuildFile; fileRef = AB7FABC82BBC61D300B97DC3 /* Preview Assets.xcassets */; };
		AB7FABDF2BBC65D400B97DC3 /* HomeView.swift in Sources */ = {isa = PBXBuildFile; fileRef = AB7FABDC2BBC65D400B97DC3 /* HomeView.swift */; };
		AB7FABE02BBC65D400B97DC3 /* HomeViewModel.swift in Sources */ = {isa = PBXBuildFile; fileRef = AB7FABDD2BBC65D400B97DC3 /* HomeViewModel.swift */; };
		AB7FABE12BBC65D400B97DC3 /* HomeWireframe.swift in Sources */ = {isa = PBXBuildFile; fileRef = AB7FABDE2BBC65D400B97DC3 /* HomeWireframe.swift */; };
		AB7FABE42BBC931900B97DC3 /* CustomSearchBar.swift in Sources */ = {isa = PBXBuildFile; fileRef = AB7FABE32BBC931900B97DC3 /* CustomSearchBar.swift */; };
		AB7FABE62BBC942600B97DC3 /* IconButton.swift in Sources */ = {isa = PBXBuildFile; fileRef = AB7FABE52BBC942600B97DC3 /* IconButton.swift */; };
		AB7FABE92BBC970C00B97DC3 /* HomeGridCell.swift in Sources */ = {isa = PBXBuildFile; fileRef = AB7FABE82BBC970C00B97DC3 /* HomeGridCell.swift */; };
		AB7FABEC2BBC988500B97DC3 /* ProductModel.swift in Sources */ = {isa = PBXBuildFile; fileRef = AB7FABEB2BBC988500B97DC3 /* ProductModel.swift */; };
		AB7FABF12BBCADD900B97DC3 /* ProductDetailView.swift in Sources */ = {isa = PBXBuildFile; fileRef = AB7FABEE2BBCADD900B97DC3 /* ProductDetailView.swift */; };
		AB7FABF22BBCADD900B97DC3 /* ProductDetailViewModel.swift in Sources */ = {isa = PBXBuildFile; fileRef = AB7FABEF2BBCADD900B97DC3 /* ProductDetailViewModel.swift */; };
		AB7FABF32BBCADD900B97DC3 /* ProductDetailWireframe.swift in Sources */ = {isa = PBXBuildFile; fileRef = AB7FABF02BBCADD900B97DC3 /* ProductDetailWireframe.swift */; };
		AB7FABF82BBE37A700B97DC3 /* MainTabBarView.swift in Sources */ = {isa = PBXBuildFile; fileRef = AB7FABF52BBE37A700B97DC3 /* MainTabBarView.swift */; };
		AB7FABF92BBE37A700B97DC3 /* MainTabBarViewModel.swift in Sources */ = {isa = PBXBuildFile; fileRef = AB7FABF62BBE37A700B97DC3 /* MainTabBarViewModel.swift */; };
		AB7FABFA2BBE37A700B97DC3 /* MainTabBarWireframe.swift in Sources */ = {isa = PBXBuildFile; fileRef = AB7FABF72BBE37A700B97DC3 /* MainTabBarWireframe.swift */; };
		AB7FABFE2BBE38B800B97DC3 /* FavoritesView.swift in Sources */ = {isa = PBXBuildFile; fileRef = AB7FABFB2BBE38B800B97DC3 /* FavoritesView.swift */; };
		AB7FABFF2BBE38B800B97DC3 /* FavoritesViewModel.swift in Sources */ = {isa = PBXBuildFile; fileRef = AB7FABFC2BBE38B800B97DC3 /* FavoritesViewModel.swift */; };
		AB7FAC002BBE38B800B97DC3 /* FavoritesWireframe.swift in Sources */ = {isa = PBXBuildFile; fileRef = AB7FABFD2BBE38B800B97DC3 /* FavoritesWireframe.swift */; };
		AB7FAC042BBE38F000B97DC3 /* CheckoutView.swift in Sources */ = {isa = PBXBuildFile; fileRef = AB7FAC012BBE38F000B97DC3 /* CheckoutView.swift */; };
		AB7FAC052BBE38F000B97DC3 /* CheckoutViewModel.swift in Sources */ = {isa = PBXBuildFile; fileRef = AB7FAC022BBE38F000B97DC3 /* CheckoutViewModel.swift */; };
		AB7FAC062BBE38F000B97DC3 /* CheckoutWireframe.swift in Sources */ = {isa = PBXBuildFile; fileRef = AB7FAC032BBE38F000B97DC3 /* CheckoutWireframe.swift */; };
		AB7FAC082BBE39EB00B97DC3 /* BaseTabBar.swift in Sources */ = {isa = PBXBuildFile; fileRef = AB7FAC072BBE39EB00B97DC3 /* BaseTabBar.swift */; };
		AB7FAC0A2BBED3D300B97DC3 /* IconSizeButton.swift in Sources */ = {isa = PBXBuildFile; fileRef = AB7FAC092BBED3D300B97DC3 /* IconSizeButton.swift */; };
		AB7FAC0E2BBF149A00B97DC3 /* ProductsData.swift in Sources */ = {isa = PBXBuildFile; fileRef = AB7FAC0D2BBF149A00B97DC3 /* ProductsData.swift */; };
		AB7FAC112BBF1BAB00B97DC3 /* ProductCartModel.swift in Sources */ = {isa = PBXBuildFile; fileRef = AB7FAC102BBF1BAB00B97DC3 /* ProductCartModel.swift */; };
		AB7FAC142BBF281000B97DC3 /* CheckoutCell.swift in Sources */ = {isa = PBXBuildFile; fileRef = AB7FAC132BBF281000B97DC3 /* CheckoutCell.swift */; };
/* End PBXBuildFile section */

/* Begin PBXCopyFilesBuildPhase section */
		AB7FAC182BBF3FF200B97DC3 /* Embed Frameworks */ = {
			isa = PBXCopyFilesBuildPhase;
			buildActionMask = 2147483647;
			dstPath = "";
			dstSubfolderSpec = 10;
			files = (
			);
			name = "Embed Frameworks";
			runOnlyForDeploymentPostprocessing = 0;
		};
/* End PBXCopyFilesBuildPhase section */

/* Begin PBXFileReference section */
		AB181D782BBFF27900BD002E /* Number+Utils.swift */ = {isa = PBXFileReference; lastKnownFileType = sourcecode.swift; path = "Number+Utils.swift"; sourceTree = "<group>"; };
		AB181D7A2BC1DD9800BD002E /* BaseDropDown.swift */ = {isa = PBXFileReference; lastKnownFileType = sourcecode.swift; path = BaseDropDown.swift; sourceTree = "<group>"; };
		AB7FAB672BBC61D200B97DC3 /* Ecommerce.app */ = {isa = PBXFileReference; explicitFileType = wrapper.application; includeInIndex = 0; path = Ecommerce.app; sourceTree = BUILT_PRODUCTS_DIR; };
		AB7FAB712BBC61D200B97DC3 /* BaseActions.swift */ = {isa = PBXFileReference; lastKnownFileType = sourcecode.swift; path = BaseActions.swift; sourceTree = "<group>"; };
		AB7FAB732BBC61D200B97DC3 /* BaseAlert.swift */ = {isa = PBXFileReference; lastKnownFileType = sourcecode.swift; path = BaseAlert.swift; sourceTree = "<group>"; };
		AB7FAB772BBC61D200B97DC3 /* BaseBlur.swift */ = {isa = PBXFileReference; lastKnownFileType = sourcecode.swift; path = BaseBlur.swift; sourceTree = "<group>"; };
		AB7FAB792BBC61D200B97DC3 /* BaseButton.swift */ = {isa = PBXFileReference; lastKnownFileType = sourcecode.swift; path = BaseButton.swift; sourceTree = "<group>"; };
		AB7FAB7B2BBC61D200B97DC3 /* BaseError.swift */ = {isa = PBXFileReference; lastKnownFileType = sourcecode.swift; path = BaseError.swift; sourceTree = "<group>"; };
		AB7FAB7D2BBC61D200B97DC3 /* BaseLoader.swift */ = {isa = PBXFileReference; lastKnownFileType = sourcecode.swift; path = BaseLoader.swift; sourceTree = "<group>"; };
		AB7FAB7F2BBC61D200B97DC3 /* BaseTopBar.swift */ = {isa = PBXFileReference; lastKnownFileType = sourcecode.swift; path = BaseTopBar.swift; sourceTree = "<group>"; };
		AB7FAB812BBC61D200B97DC3 /* BaseView.swift */ = {isa = PBXFileReference; lastKnownFileType = sourcecode.swift; path = BaseView.swift; sourceTree = "<group>"; };
		AB7FAB832BBC61D200B97DC3 /* BaseViewController.swift */ = {isa = PBXFileReference; lastKnownFileType = sourcecode.swift; path = BaseViewController.swift; sourceTree = "<group>"; };
		AB7FAB852BBC61D200B97DC3 /* BaseViewModel.swift */ = {isa = PBXFileReference; lastKnownFileType = sourcecode.swift; path = BaseViewModel.swift; sourceTree = "<group>"; };
		AB7FAB872BBC61D200B97DC3 /* BaseWireframe.swift */ = {isa = PBXFileReference; lastKnownFileType = sourcecode.swift; path = BaseWireframe.swift; sourceTree = "<group>"; };
		AB7FAB8A2BBC61D200B97DC3 /* Environment.swift */ = {isa = PBXFileReference; lastKnownFileType = sourcecode.swift; path = Environment.swift; sourceTree = "<group>"; };
		AB7FAB8C2BBC61D200B97DC3 /* Config.plist */ = {isa = PBXFileReference; lastKnownFileType = text.plist.xml; path = Config.plist; sourceTree = "<group>"; };
		AB7FAB942BBC61D200B97DC3 /* DeviceInfo.swift */ = {isa = PBXFileReference; lastKnownFileType = sourcecode.swift; path = DeviceInfo.swift; sourceTree = "<group>"; };
		AB7FAB982BBC61D200B97DC3 /* UserDefaultsCache.swift */ = {isa = PBXFileReference; lastKnownFileType = sourcecode.swift; path = UserDefaultsCache.swift; sourceTree = "<group>"; };
		AB7FAB9D2BBC61D200B97DC3 /* Strings+Utils.swift */ = {isa = PBXFileReference; lastKnownFileType = sourcecode.swift; path = "Strings+Utils.swift"; sourceTree = "<group>"; };
		AB7FAB9F2BBC61D200B97DC3 /* SwiftUI+Utils.swift */ = {isa = PBXFileReference; lastKnownFileType = sourcecode.swift; path = "SwiftUI+Utils.swift"; sourceTree = "<group>"; };
		AB7FABA12BBC61D200B97DC3 /* UIApplication+Window.swift */ = {isa = PBXFileReference; lastKnownFileType = sourcecode.swift; path = "UIApplication+Window.swift"; sourceTree = "<group>"; };
		AB7FABA42BBC61D200B97DC3 /* Colors+Style.swift */ = {isa = PBXFileReference; lastKnownFileType = sourcecode.swift; path = "Colors+Style.swift"; sourceTree = "<group>"; };
		AB7FABA62BBC61D200B97DC3 /* UIColors+Style.swift */ = {isa = PBXFileReference; lastKnownFileType = sourcecode.swift; path = "UIColors+Style.swift"; sourceTree = "<group>"; };
		AB7FABA82BBC61D200B97DC3 /* Fonts+Styles.swift */ = {isa = PBXFileReference; lastKnownFileType = sourcecode.swift; path = "Fonts+Styles.swift"; sourceTree = "<group>"; };
		AB7FABAA2BBC61D200B97DC3 /* Styles.swift */ = {isa = PBXFileReference; lastKnownFileType = sourcecode.swift; path = Styles.swift; sourceTree = "<group>"; };
		AB7FABAE2BBC61D200B97DC3 /* LaunchSplash.xib */ = {isa = PBXFileReference; lastKnownFileType = file.xib; path = LaunchSplash.xib; sourceTree = "<group>"; };
		AB7FABB02BBC61D200B97DC3 /* LaunchView.swift */ = {isa = PBXFileReference; lastKnownFileType = sourcecode.swift; path = LaunchView.swift; sourceTree = "<group>"; };
		AB7FABB22BBC61D200B97DC3 /* LaunchViewModel.swift */ = {isa = PBXFileReference; lastKnownFileType = sourcecode.swift; path = LaunchViewModel.swift; sourceTree = "<group>"; };
		AB7FABB42BBC61D200B97DC3 /* LaunchWireframe.swift */ = {isa = PBXFileReference; lastKnownFileType = sourcecode.swift; path = LaunchWireframe.swift; sourceTree = "<group>"; };
		AB7FABB92BBC61D200B97DC3 /* en */ = {isa = PBXFileReference; lastKnownFileType = text.plist.strings; name = en; path = Localizable.strings; sourceTree = "<group>"; };
		AB7FABBD2BBC61D200B97DC3 /* es */ = {isa = PBXFileReference; lastKnownFileType = text.plist.strings; name = es; path = Localizable.strings; sourceTree = "<group>"; };
		AB7FABBF2BBC61D200B97DC3 /* AppDelegate.swift */ = {isa = PBXFileReference; lastKnownFileType = sourcecode.swift; path = AppDelegate.swift; sourceTree = "<group>"; };
		AB7FABC52BBC61D300B97DC3 /* Assets.xcassets */ = {isa = PBXFileReference; lastKnownFileType = folder.assetcatalog; path = Assets.xcassets; sourceTree = "<group>"; };
		AB7FABC82BBC61D300B97DC3 /* Preview Assets.xcassets */ = {isa = PBXFileReference; lastKnownFileType = folder.assetcatalog; path = "Preview Assets.xcassets"; sourceTree = "<group>"; };
		AB7FABCF2BBC622D00B97DC3 /* Info.plist */ = {isa = PBXFileReference; lastKnownFileType = text.plist; path = Info.plist; sourceTree = "<group>"; };
		AB7FABDC2BBC65D400B97DC3 /* HomeView.swift */ = {isa = PBXFileReference; lastKnownFileType = sourcecode.swift; path = HomeView.swift; sourceTree = "<group>"; };
		AB7FABDD2BBC65D400B97DC3 /* HomeViewModel.swift */ = {isa = PBXFileReference; lastKnownFileType = sourcecode.swift; path = HomeViewModel.swift; sourceTree = "<group>"; };
		AB7FABDE2BBC65D400B97DC3 /* HomeWireframe.swift */ = {isa = PBXFileReference; lastKnownFileType = sourcecode.swift; path = HomeWireframe.swift; sourceTree = "<group>"; };
		AB7FABE32BBC931900B97DC3 /* CustomSearchBar.swift */ = {isa = PBXFileReference; lastKnownFileType = sourcecode.swift; path = CustomSearchBar.swift; sourceTree = "<group>"; };
		AB7FABE52BBC942600B97DC3 /* IconButton.swift */ = {isa = PBXFileReference; lastKnownFileType = sourcecode.swift; path = IconButton.swift; sourceTree = "<group>"; };
		AB7FABE82BBC970C00B97DC3 /* HomeGridCell.swift */ = {isa = PBXFileReference; lastKnownFileType = sourcecode.swift; path = HomeGridCell.swift; sourceTree = "<group>"; };
		AB7FABEB2BBC988500B97DC3 /* ProductModel.swift */ = {isa = PBXFileReference; lastKnownFileType = sourcecode.swift; path = ProductModel.swift; sourceTree = "<group>"; };
		AB7FABEE2BBCADD900B97DC3 /* ProductDetailView.swift */ = {isa = PBXFileReference; lastKnownFileType = sourcecode.swift; path = ProductDetailView.swift; sourceTree = "<group>"; };
		AB7FABEF2BBCADD900B97DC3 /* ProductDetailViewModel.swift */ = {isa = PBXFileReference; lastKnownFileType = sourcecode.swift; path = ProductDetailViewModel.swift; sourceTree = "<group>"; };
		AB7FABF02BBCADD900B97DC3 /* ProductDetailWireframe.swift */ = {isa = PBXFileReference; lastKnownFileType = sourcecode.swift; path = ProductDetailWireframe.swift; sourceTree = "<group>"; };
		AB7FABF52BBE37A700B97DC3 /* MainTabBarView.swift */ = {isa = PBXFileReference; lastKnownFileType = sourcecode.swift; path = MainTabBarView.swift; sourceTree = "<group>"; };
		AB7FABF62BBE37A700B97DC3 /* MainTabBarViewModel.swift */ = {isa = PBXFileReference; lastKnownFileType = sourcecode.swift; path = MainTabBarViewModel.swift; sourceTree = "<group>"; };
		AB7FABF72BBE37A700B97DC3 /* MainTabBarWireframe.swift */ = {isa = PBXFileReference; lastKnownFileType = sourcecode.swift; path = MainTabBarWireframe.swift; sourceTree = "<group>"; };
		AB7FABFB2BBE38B800B97DC3 /* FavoritesView.swift */ = {isa = PBXFileReference; lastKnownFileType = sourcecode.swift; path = FavoritesView.swift; sourceTree = "<group>"; };
		AB7FABFC2BBE38B800B97DC3 /* FavoritesViewModel.swift */ = {isa = PBXFileReference; lastKnownFileType = sourcecode.swift; path = FavoritesViewModel.swift; sourceTree = "<group>"; };
		AB7FABFD2BBE38B800B97DC3 /* FavoritesWireframe.swift */ = {isa = PBXFileReference; lastKnownFileType = sourcecode.swift; path = FavoritesWireframe.swift; sourceTree = "<group>"; };
		AB7FAC012BBE38F000B97DC3 /* CheckoutView.swift */ = {isa = PBXFileReference; lastKnownFileType = sourcecode.swift; path = CheckoutView.swift; sourceTree = "<group>"; };
		AB7FAC022BBE38F000B97DC3 /* CheckoutViewModel.swift */ = {isa = PBXFileReference; lastKnownFileType = sourcecode.swift; path = CheckoutViewModel.swift; sourceTree = "<group>"; };
		AB7FAC032BBE38F000B97DC3 /* CheckoutWireframe.swift */ = {isa = PBXFileReference; lastKnownFileType = sourcecode.swift; path = CheckoutWireframe.swift; sourceTree = "<group>"; };
		AB7FAC072BBE39EB00B97DC3 /* BaseTabBar.swift */ = {isa = PBXFileReference; lastKnownFileType = sourcecode.swift; path = BaseTabBar.swift; sourceTree = "<group>"; };
		AB7FAC092BBED3D300B97DC3 /* IconSizeButton.swift */ = {isa = PBXFileReference; lastKnownFileType = sourcecode.swift; path = IconSizeButton.swift; sourceTree = "<group>"; };
		AB7FAC0D2BBF149A00B97DC3 /* ProductsData.swift */ = {isa = PBXFileReference; lastKnownFileType = sourcecode.swift; path = ProductsData.swift; sourceTree = "<group>"; };
		AB7FAC102BBF1BAB00B97DC3 /* ProductCartModel.swift */ = {isa = PBXFileReference; lastKnownFileType = sourcecode.swift; path = ProductCartModel.swift; sourceTree = "<group>"; };
		AB7FAC132BBF281000B97DC3 /* CheckoutCell.swift */ = {isa = PBXFileReference; lastKnownFileType = sourcecode.swift; path = CheckoutCell.swift; sourceTree = "<group>"; };
/* End PBXFileReference section */

/* Begin PBXFrameworksBuildPhase section */
		AB7FAB642BBC61D200B97DC3 /* Frameworks */ = {
			isa = PBXFrameworksBuildPhase;
			buildActionMask = 2147483647;
			files = (
			);
			runOnlyForDeploymentPostprocessing = 0;
		};
/* End PBXFrameworksBuildPhase section */

/* Begin PBXGroup section */
		AB7FAB5E2BBC61D200B97DC3 = {
			isa = PBXGroup;
			children = (
				AB7FAB692BBC61D200B97DC3 /* Ecommerce */,
				AB7FAB682BBC61D200B97DC3 /* Products */,
				AB7FAC152BBF3FF200B97DC3 /* Frameworks */,
			);
			sourceTree = "<group>";
		};
		AB7FAB682BBC61D200B97DC3 /* Products */ = {
			isa = PBXGroup;
			children = (
				AB7FAB672BBC61D200B97DC3 /* Ecommerce.app */,
			);
			name = Products;
			sourceTree = "<group>";
		};
		AB7FAB692BBC61D200B97DC3 /* Ecommerce */ = {
			isa = PBXGroup;
			children = (
				AB7FABCF2BBC622D00B97DC3 /* Info.plist */,
				AB7FABBF2BBC61D200B97DC3 /* AppDelegate.swift */,
				AB7FAB6E2BBC61D200B97DC3 /* Code */,
				AB7FAB6A2BBC61D200B97DC3 /* Resources */,
				AB7FABC72BBC61D300B97DC3 /* Preview Content */,
			);
			path = Ecommerce;
			sourceTree = "<group>";
		};
		AB7FAB6A2BBC61D200B97DC3 /* Resources */ = {
			isa = PBXGroup;
			children = (
				AB7FABC52BBC61D300B97DC3 /* Assets.xcassets */,
				AB7FABB62BBC61D200B97DC3 /* Localization */,
			);
			path = Resources;
			sourceTree = "<group>";
		};
		AB7FAB6E2BBC61D200B97DC3 /* Code */ = {
			isa = PBXGroup;
			children = (
				AB7FAB6F2BBC61D200B97DC3 /* Common */,
				AB7FAB892BBC61D200B97DC3 /* Config */,
				AB7FABAC2BBC61D200B97DC3 /* Modules */,
			);
			path = Code;
			sourceTree = "<group>";
		};
		AB7FAB6F2BBC61D200B97DC3 /* Common */ = {
			isa = PBXGroup;
			children = (
				AB7FAB702BBC61D200B97DC3 /* Base */,
				AB7FAB912BBC61D200B97DC3 /* Utils */,
				AB7FAB9A2BBC61D200B97DC3 /* Extension */,
				AB7FABA32BBC61D200B97DC3 /* Style */,
			);
			path = Common;
			sourceTree = "<group>";
		};
		AB7FAB702BBC61D200B97DC3 /* Base */ = {
			isa = PBXGroup;
			children = (
				AB7FAB712BBC61D200B97DC3 /* BaseActions.swift */,
				AB7FAB732BBC61D200B97DC3 /* BaseAlert.swift */,
				AB7FAB772BBC61D200B97DC3 /* BaseBlur.swift */,
				AB7FAB792BBC61D200B97DC3 /* BaseButton.swift */,
				AB7FAB7B2BBC61D200B97DC3 /* BaseError.swift */,
				AB7FAB7D2BBC61D200B97DC3 /* BaseLoader.swift */,
				AB7FAB7F2BBC61D200B97DC3 /* BaseTopBar.swift */,
				AB7FAB812BBC61D200B97DC3 /* BaseView.swift */,
				AB7FAB832BBC61D200B97DC3 /* BaseViewController.swift */,
				AB7FAB852BBC61D200B97DC3 /* BaseViewModel.swift */,
				AB7FAB872BBC61D200B97DC3 /* BaseWireframe.swift */,
				AB7FAC072BBE39EB00B97DC3 /* BaseTabBar.swift */,
				AB181D7A2BC1DD9800BD002E /* BaseDropDown.swift */,
			);
			path = Base;
			sourceTree = "<group>";
		};
		AB7FAB892BBC61D200B97DC3 /* Config */ = {
			isa = PBXGroup;
			children = (
				AB7FAB8A2BBC61D200B97DC3 /* Environment.swift */,
				AB7FAB8C2BBC61D200B97DC3 /* Config.plist */,
			);
			path = Config;
			sourceTree = "<group>";
		};
		AB7FAB912BBC61D200B97DC3 /* Utils */ = {
			isa = PBXGroup;
			children = (
				AB7FABE22BBC92EE00B97DC3 /* Components */,
				AB7FAB942BBC61D200B97DC3 /* DeviceInfo.swift */,
				AB7FAB982BBC61D200B97DC3 /* UserDefaultsCache.swift */,
			);
			path = Utils;
			sourceTree = "<group>";
		};
		AB7FAB9A2BBC61D200B97DC3 /* Extension */ = {
			isa = PBXGroup;
			children = (
				AB7FAB9D2BBC61D200B97DC3 /* Strings+Utils.swift */,
				AB7FAB9F2BBC61D200B97DC3 /* SwiftUI+Utils.swift */,
				AB7FABA12BBC61D200B97DC3 /* UIApplication+Window.swift */,
				AB181D782BBFF27900BD002E /* Number+Utils.swift */,
			);
			path = Extension;
			sourceTree = "<group>";
		};
		AB7FABA32BBC61D200B97DC3 /* Style */ = {
			isa = PBXGroup;
			children = (
				AB7FABA42BBC61D200B97DC3 /* Colors+Style.swift */,
				AB7FABA62BBC61D200B97DC3 /* UIColors+Style.swift */,
				AB7FABA82BBC61D200B97DC3 /* Fonts+Styles.swift */,
				AB7FABAA2BBC61D200B97DC3 /* Styles.swift */,
			);
			path = Style;
			sourceTree = "<group>";
		};
		AB7FABAC2BBC61D200B97DC3 /* Modules */ = {
			isa = PBXGroup;
			children = (
				AB7FABF42BBE378C00B97DC3 /* MainTabBar */,
				AB7FABDA2BBC639300B97DC3 /* Favorites */,
				AB7FABD92BBC638B00B97DC3 /* Checkout */,
				AB7FABED2BBCADC000B97DC3 /* ProductDetail */,
				AB7FABD82BBC636A00B97DC3 /* Home */,
				AB7FABAD2BBC61D200B97DC3 /* Launch */,
			);
			path = Modules;
			sourceTree = "<group>";
		};
		AB7FABAD2BBC61D200B97DC3 /* Launch */ = {
			isa = PBXGroup;
			children = (
				AB7FABAE2BBC61D200B97DC3 /* LaunchSplash.xib */,
				AB7FABB02BBC61D200B97DC3 /* LaunchView.swift */,
				AB7FABB22BBC61D200B97DC3 /* LaunchViewModel.swift */,
				AB7FABB42BBC61D200B97DC3 /* LaunchWireframe.swift */,
			);
			path = Launch;
			sourceTree = "<group>";
		};
		AB7FABB62BBC61D200B97DC3 /* Localization */ = {
			isa = PBXGroup;
			children = (
				AB7FABB72BBC61D200B97DC3 /* en.lproj */,
				AB7FABBB2BBC61D200B97DC3 /* es.lproj */,
			);
			path = Localization;
			sourceTree = "<group>";
		};
		AB7FABB72BBC61D200B97DC3 /* en.lproj */ = {
			isa = PBXGroup;
			children = (
				AB7FABB82BBC61D200B97DC3 /* Localizable.strings */,
			);
			path = en.lproj;
			sourceTree = "<group>";
		};
		AB7FABBB2BBC61D200B97DC3 /* es.lproj */ = {
			isa = PBXGroup;
			children = (
				AB7FABBC2BBC61D200B97DC3 /* Localizable.strings */,
			);
			path = es.lproj;
			sourceTree = "<group>";
		};
		AB7FABC72BBC61D300B97DC3 /* Preview Content */ = {
			isa = PBXGroup;
			children = (
				AB7FABC82BBC61D300B97DC3 /* Preview Assets.xcassets */,
			);
			path = "Preview Content";
			sourceTree = "<group>";
		};
		AB7FABD82BBC636A00B97DC3 /* Home */ = {
			isa = PBXGroup;
			children = (
				AB7FABEA2BBC986D00B97DC3 /* Model */,
				AB7FABE72BBC96E300B97DC3 /* Cell */,
				AB7FABDC2BBC65D400B97DC3 /* HomeView.swift */,
				AB7FABDD2BBC65D400B97DC3 /* HomeViewModel.swift */,
				AB7FABDE2BBC65D400B97DC3 /* HomeWireframe.swift */,
			);
			path = Home;
			sourceTree = "<group>";
		};
		AB7FABD92BBC638B00B97DC3 /* Checkout */ = {
			isa = PBXGroup;
			children = (
				AB7FAC122BBF27FE00B97DC3 /* Cell */,
				AB7FAC0F2BBF1B8200B97DC3 /* Model */,
				AB7FAC012BBE38F000B97DC3 /* CheckoutView.swift */,
				AB7FAC022BBE38F000B97DC3 /* CheckoutViewModel.swift */,
				AB7FAC032BBE38F000B97DC3 /* CheckoutWireframe.swift */,
			);
			path = Checkout;
			sourceTree = "<group>";
		};
		AB7FABDA2BBC639300B97DC3 /* Favorites */ = {
			isa = PBXGroup;
			children = (
				AB7FABFB2BBE38B800B97DC3 /* FavoritesView.swift */,
				AB7FABFC2BBE38B800B97DC3 /* FavoritesViewModel.swift */,
				AB7FABFD2BBE38B800B97DC3 /* FavoritesWireframe.swift */,
			);
			path = Favorites;
			sourceTree = "<group>";
		};
		AB7FABE22BBC92EE00B97DC3 /* Components */ = {
			isa = PBXGroup;
			children = (
				AB7FABE32BBC931900B97DC3 /* CustomSearchBar.swift */,
				AB7FABE52BBC942600B97DC3 /* IconButton.swift */,
				AB7FAC092BBED3D300B97DC3 /* IconSizeButton.swift */,
			);
			path = Components;
			sourceTree = "<group>";
		};
		AB7FABE72BBC96E300B97DC3 /* Cell */ = {
			isa = PBXGroup;
			children = (
				AB7FABE82BBC970C00B97DC3 /* HomeGridCell.swift */,
			);
			path = Cell;
			sourceTree = "<group>";
		};
		AB7FABEA2BBC986D00B97DC3 /* Model */ = {
			isa = PBXGroup;
			children = (
				AB7FABEB2BBC988500B97DC3 /* ProductModel.swift */,
				AB7FAC0D2BBF149A00B97DC3 /* ProductsData.swift */,
			);
			path = Model;
			sourceTree = "<group>";
		};
		AB7FABED2BBCADC000B97DC3 /* ProductDetail */ = {
			isa = PBXGroup;
			children = (
				AB7FABEE2BBCADD900B97DC3 /* ProductDetailView.swift */,
				AB7FABEF2BBCADD900B97DC3 /* ProductDetailViewModel.swift */,
				AB7FABF02BBCADD900B97DC3 /* ProductDetailWireframe.swift */,
			);
			path = ProductDetail;
			sourceTree = "<group>";
		};
		AB7FABF42BBE378C00B97DC3 /* MainTabBar */ = {
			isa = PBXGroup;
			children = (
				AB7FABF52BBE37A700B97DC3 /* MainTabBarView.swift */,
				AB7FABF62BBE37A700B97DC3 /* MainTabBarViewModel.swift */,
				AB7FABF72BBE37A700B97DC3 /* MainTabBarWireframe.swift */,
			);
			path = MainTabBar;
			sourceTree = "<group>";
		};
		AB7FAC0F2BBF1B8200B97DC3 /* Model */ = {
			isa = PBXGroup;
			children = (
				AB7FAC102BBF1BAB00B97DC3 /* ProductCartModel.swift */,
			);
			path = Model;
			sourceTree = "<group>";
		};
		AB7FAC122BBF27FE00B97DC3 /* Cell */ = {
			isa = PBXGroup;
			children = (
				AB7FAC132BBF281000B97DC3 /* CheckoutCell.swift */,
			);
			path = Cell;
			sourceTree = "<group>";
		};
		AB7FAC152BBF3FF200B97DC3 /* Frameworks */ = {
			isa = PBXGroup;
			children = (
			);
			name = Frameworks;
			sourceTree = "<group>";
		};
/* End PBXGroup section */

/* Begin PBXNativeTarget section */
		AB7FAB662BBC61D200B97DC3 /* Ecommerce */ = {
			isa = PBXNativeTarget;
			buildConfigurationList = AB7FABCC2BBC61D300B97DC3 /* Build configuration list for PBXNativeTarget "Ecommerce" */;
			buildPhases = (
				AB7FAB632BBC61D200B97DC3 /* Sources */,
				AB7FAB642BBC61D200B97DC3 /* Frameworks */,
				AB7FAB652BBC61D200B97DC3 /* Resources */,
				AB7FAC182BBF3FF200B97DC3 /* Embed Frameworks */,
			);
			buildRules = (
			);
			dependencies = (
			);
			name = Ecommerce;
			packageProductDependencies = (
			);
			productName = Ecommerce;
			productReference = AB7FAB672BBC61D200B97DC3 /* Ecommerce.app */;
			productType = "com.apple.product-type.application";
		};
/* End PBXNativeTarget section */

/* Begin PBXProject section */
		AB7FAB5F2BBC61D200B97DC3 /* Project object */ = {
			isa = PBXProject;
			attributes = {
				BuildIndependentTargetsInParallel = 1;
				LastSwiftUpdateCheck = 1530;
				LastUpgradeCheck = 1530;
				TargetAttributes = {
					AB7FAB662BBC61D200B97DC3 = {
						CreatedOnToolsVersion = 15.3;
					};
				};
			};
			buildConfigurationList = AB7FAB622BBC61D200B97DC3 /* Build configuration list for PBXProject "Ecommerce" */;
			compatibilityVersion = "Xcode 14.0";
			developmentRegion = en;
			hasScannedForEncodings = 0;
			knownRegions = (
				en,
				Base,
				es,
			);
			mainGroup = AB7FAB5E2BBC61D200B97DC3;
			packageReferences = (
			);
			productRefGroup = AB7FAB682BBC61D200B97DC3 /* Products */;
			projectDirPath = "";
			projectRoot = "";
			targets = (
				AB7FAB662BBC61D200B97DC3 /* Ecommerce */,
			);
		};
/* End PBXProject section */

/* Begin PBXResourcesBuildPhase section */
		AB7FAB652BBC61D200B97DC3 /* Resources */ = {
			isa = PBXResourcesBuildPhase;
			buildActionMask = 2147483647;
			files = (
				AB7FABBE2BBC61D200B97DC3 /* es in Resources */,
				AB7FAB8D2BBC61D200B97DC3 /* Config.plist in Resources */,
				AB7FABBA2BBC61D200B97DC3 /* en in Resources */,
				AB7FABC92BBC61D300B97DC3 /* Preview Assets.xcassets in Resources */,
				AB7FABAF2BBC61D200B97DC3 /* LaunchSplash.xib in Resources */,
				AB7FABC62BBC61D300B97DC3 /* Assets.xcassets in Resources */,
			);
			runOnlyForDeploymentPostprocessing = 0;
		};
/* End PBXResourcesBuildPhase section */

/* Begin PBXSourcesBuildPhase section */
		AB7FAB632BBC61D200B97DC3 /* Sources */ = {
			isa = PBXSourcesBuildPhase;
			buildActionMask = 2147483647;
			files = (
				AB7FAB722BBC61D200B97DC3 /* BaseActions.swift in Sources */,
				AB7FAC0A2BBED3D300B97DC3 /* IconSizeButton.swift in Sources */,
				AB7FABA52BBC61D200B97DC3 /* Colors+Style.swift in Sources */,
				AB7FAB862BBC61D200B97DC3 /* BaseViewModel.swift in Sources */,
				AB7FAB7C2BBC61D200B97DC3 /* BaseError.swift in Sources */,
				AB7FAB882BBC61D200B97DC3 /* BaseWireframe.swift in Sources */,
				AB7FAB9E2BBC61D200B97DC3 /* Strings+Utils.swift in Sources */,
				AB7FAC142BBF281000B97DC3 /* CheckoutCell.swift in Sources */,
				AB7FAB7A2BBC61D200B97DC3 /* BaseButton.swift in Sources */,
				AB7FABB52BBC61D200B97DC3 /* LaunchWireframe.swift in Sources */,
				AB7FABF82BBE37A700B97DC3 /* MainTabBarView.swift in Sources */,
				AB7FABF92BBE37A700B97DC3 /* MainTabBarViewModel.swift in Sources */,
				AB7FABFA2BBE37A700B97DC3 /* MainTabBarWireframe.swift in Sources */,
				AB181D7B2BC1DD9800BD002E /* BaseDropDown.swift in Sources */,
				AB7FAB782BBC61D200B97DC3 /* BaseBlur.swift in Sources */,
				AB181D792BBFF27900BD002E /* Number+Utils.swift in Sources */,
				AB7FAB7E2BBC61D200B97DC3 /* BaseLoader.swift in Sources */,
				AB7FABA92BBC61D200B97DC3 /* Fonts+Styles.swift in Sources */,
				AB7FABE92BBC970C00B97DC3 /* HomeGridCell.swift in Sources */,
				AB7FABEC2BBC988500B97DC3 /* ProductModel.swift in Sources */,
				AB7FAB952BBC61D200B97DC3 /* DeviceInfo.swift in Sources */,
				AB7FABA02BBC61D200B97DC3 /* SwiftUI+Utils.swift in Sources */,
				AB7FAC082BBE39EB00B97DC3 /* BaseTabBar.swift in Sources */,
				AB7FABF12BBCADD900B97DC3 /* ProductDetailView.swift in Sources */,
				AB7FAC112BBF1BAB00B97DC3 /* ProductCartModel.swift in Sources */,
				AB7FAC0E2BBF149A00B97DC3 /* ProductsData.swift in Sources */,
				AB7FAC042BBE38F000B97DC3 /* CheckoutView.swift in Sources */,
				AB7FAC052BBE38F000B97DC3 /* CheckoutViewModel.swift in Sources */,
				AB7FAC062BBE38F000B97DC3 /* CheckoutWireframe.swift in Sources */,
				AB7FABF22BBCADD900B97DC3 /* ProductDetailViewModel.swift in Sources */,
				AB7FABF32BBCADD900B97DC3 /* ProductDetailWireframe.swift in Sources */,
				AB7FABA22BBC61D200B97DC3 /* UIApplication+Window.swift in Sources */,
				AB7FABE42BBC931900B97DC3 /* CustomSearchBar.swift in Sources */,
				AB7FABAB2BBC61D200B97DC3 /* Styles.swift in Sources */,
				AB7FABC02BBC61D200B97DC3 /* AppDelegate.swift in Sources */,
				AB7FAB842BBC61D200B97DC3 /* BaseViewController.swift in Sources */,
				AB7FAB8B2BBC61D200B97DC3 /* Environment.swift in Sources */,
				AB7FABE62BBC942600B97DC3 /* IconButton.swift in Sources */,
				AB7FABDF2BBC65D400B97DC3 /* HomeView.swift in Sources */,
				AB7FABE02BBC65D400B97DC3 /* HomeViewModel.swift in Sources */,
				AB7FABE12BBC65D400B97DC3 /* HomeWireframe.swift in Sources */,
				AB7FABA72BBC61D200B97DC3 /* UIColors+Style.swift in Sources */,
				AB7FAB822BBC61D200B97DC3 /* BaseView.swift in Sources */,
				AB7FABFE2BBE38B800B97DC3 /* FavoritesView.swift in Sources */,
				AB7FABFF2BBE38B800B97DC3 /* FavoritesViewModel.swift in Sources */,
				AB7FAC002BBE38B800B97DC3 /* FavoritesWireframe.swift in Sources */,
				AB7FABB32BBC61D200B97DC3 /* LaunchViewModel.swift in Sources */,
				AB7FAB992BBC61D200B97DC3 /* UserDefaultsCache.swift in Sources */,
				AB7FAB802BBC61D200B97DC3 /* BaseTopBar.swift in Sources */,
				AB7FABB12BBC61D200B97DC3 /* LaunchView.swift in Sources */,
				AB7FAB742BBC61D200B97DC3 /* BaseAlert.swift in Sources */,
			);
			runOnlyForDeploymentPostprocessing = 0;
		};
/* End PBXSourcesBuildPhase section */

/* Begin PBXVariantGroup section */
		AB7FABB82BBC61D200B97DC3 /* Localizable.strings */ = {
			isa = PBXVariantGroup;
			children = (
				AB7FABB92BBC61D200B97DC3 /* en */,
			);
			name = Localizable.strings;
			sourceTree = "<group>";
		};
		AB7FABBC2BBC61D200B97DC3 /* Localizable.strings */ = {
			isa = PBXVariantGroup;
			children = (
				AB7FABBD2BBC61D200B97DC3 /* es */,
			);
			name = Localizable.strings;
			sourceTree = "<group>";
		};
/* End PBXVariantGroup section */

/* Begin XCBuildConfiguration section */
		AB7FABCA2BBC61D300B97DC3 /* Debug */ = {
			isa = XCBuildConfiguration;
			buildSettings = {
				ALWAYS_SEARCH_USER_PATHS = NO;
				ASSETCATALOG_COMPILER_GENERATE_SWIFT_ASSET_SYMBOL_EXTENSIONS = YES;
				CLANG_ANALYZER_NONNULL = YES;
				CLANG_ANALYZER_NUMBER_OBJECT_CONVERSION = YES_AGGRESSIVE;
				CLANG_CXX_LANGUAGE_STANDARD = "gnu++20";
				CLANG_ENABLE_MODULES = YES;
				CLANG_ENABLE_OBJC_ARC = YES;
				CLANG_ENABLE_OBJC_WEAK = YES;
				CLANG_WARN_BLOCK_CAPTURE_AUTORELEASING = YES;
				CLANG_WARN_BOOL_CONVERSION = YES;
				CLANG_WARN_COMMA = YES;
				CLANG_WARN_CONSTANT_CONVERSION = YES;
				CLANG_WARN_DEPRECATED_OBJC_IMPLEMENTATIONS = YES;
				CLANG_WARN_DIRECT_OBJC_ISA_USAGE = YES_ERROR;
				CLANG_WARN_DOCUMENTATION_COMMENTS = YES;
				CLANG_WARN_EMPTY_BODY = YES;
				CLANG_WARN_ENUM_CONVERSION = YES;
				CLANG_WARN_INFINITE_RECURSION = YES;
				CLANG_WARN_INT_CONVERSION = YES;
				CLANG_WARN_NON_LITERAL_NULL_CONVERSION = YES;
				CLANG_WARN_OBJC_IMPLICIT_RETAIN_SELF = YES;
				CLANG_WARN_OBJC_LITERAL_CONVERSION = YES;
				CLANG_WARN_OBJC_ROOT_CLASS = YES_ERROR;
				CLANG_WARN_QUOTED_INCLUDE_IN_FRAMEWORK_HEADER = YES;
				CLANG_WARN_RANGE_LOOP_ANALYSIS = YES;
				CLANG_WARN_STRICT_PROTOTYPES = YES;
				CLANG_WARN_SUSPICIOUS_MOVE = YES;
				CLANG_WARN_UNGUARDED_AVAILABILITY = YES_AGGRESSIVE;
				CLANG_WARN_UNREACHABLE_CODE = YES;
				CLANG_WARN__DUPLICATE_METHOD_MATCH = YES;
				COPY_PHASE_STRIP = NO;
				DEBUG_INFORMATION_FORMAT = dwarf;
				ENABLE_STRICT_OBJC_MSGSEND = YES;
				ENABLE_TESTABILITY = YES;
				ENABLE_USER_SCRIPT_SANDBOXING = YES;
				GCC_C_LANGUAGE_STANDARD = gnu17;
				GCC_DYNAMIC_NO_PIC = NO;
				GCC_NO_COMMON_BLOCKS = YES;
				GCC_OPTIMIZATION_LEVEL = 0;
				GCC_PREPROCESSOR_DEFINITIONS = (
					"DEBUG=1",
					"$(inherited)",
				);
				GCC_WARN_64_TO_32_BIT_CONVERSION = YES;
				GCC_WARN_ABOUT_RETURN_TYPE = YES_ERROR;
				GCC_WARN_UNDECLARED_SELECTOR = YES;
				GCC_WARN_UNINITIALIZED_AUTOS = YES_AGGRESSIVE;
				GCC_WARN_UNUSED_FUNCTION = YES;
				GCC_WARN_UNUSED_VARIABLE = YES;
				IPHONEOS_DEPLOYMENT_TARGET = 16.0;
				LOCALIZATION_PREFERS_STRING_CATALOGS = YES;
				MTL_ENABLE_DEBUG_INFO = INCLUDE_SOURCE;
				MTL_FAST_MATH = YES;
				ONLY_ACTIVE_ARCH = YES;
				SDKROOT = iphoneos;
				SWIFT_ACTIVE_COMPILATION_CONDITIONS = "DEBUG $(inherited)";
				SWIFT_OPTIMIZATION_LEVEL = "-Onone";
			};
			name = Debug;
		};
		AB7FABCB2BBC61D300B97DC3 /* Release */ = {
			isa = XCBuildConfiguration;
			buildSettings = {
				ALWAYS_SEARCH_USER_PATHS = NO;
				ASSETCATALOG_COMPILER_GENERATE_SWIFT_ASSET_SYMBOL_EXTENSIONS = YES;
				CLANG_ANALYZER_NONNULL = YES;
				CLANG_ANALYZER_NUMBER_OBJECT_CONVERSION = YES_AGGRESSIVE;
				CLANG_CXX_LANGUAGE_STANDARD = "gnu++20";
				CLANG_ENABLE_MODULES = YES;
				CLANG_ENABLE_OBJC_ARC = YES;
				CLANG_ENABLE_OBJC_WEAK = YES;
				CLANG_WARN_BLOCK_CAPTURE_AUTORELEASING = YES;
				CLANG_WARN_BOOL_CONVERSION = YES;
				CLANG_WARN_COMMA = YES;
				CLANG_WARN_CONSTANT_CONVERSION = YES;
				CLANG_WARN_DEPRECATED_OBJC_IMPLEMENTATIONS = YES;
				CLANG_WARN_DIRECT_OBJC_ISA_USAGE = YES_ERROR;
				CLANG_WARN_DOCUMENTATION_COMMENTS = YES;
				CLANG_WARN_EMPTY_BODY = YES;
				CLANG_WARN_ENUM_CONVERSION = YES;
				CLANG_WARN_INFINITE_RECURSION = YES;
				CLANG_WARN_INT_CONVERSION = YES;
				CLANG_WARN_NON_LITERAL_NULL_CONVERSION = YES;
				CLANG_WARN_OBJC_IMPLICIT_RETAIN_SELF = YES;
				CLANG_WARN_OBJC_LITERAL_CONVERSION = YES;
				CLANG_WARN_OBJC_ROOT_CLASS = YES_ERROR;
				CLANG_WARN_QUOTED_INCLUDE_IN_FRAMEWORK_HEADER = YES;
				CLANG_WARN_RANGE_LOOP_ANALYSIS = YES;
				CLANG_WARN_STRICT_PROTOTYPES = YES;
				CLANG_WARN_SUSPICIOUS_MOVE = YES;
				CLANG_WARN_UNGUARDED_AVAILABILITY = YES_AGGRESSIVE;
				CLANG_WARN_UNREACHABLE_CODE = YES;
				CLANG_WARN__DUPLICATE_METHOD_MATCH = YES;
				COPY_PHASE_STRIP = NO;
				DEBUG_INFORMATION_FORMAT = "dwarf-with-dsym";
				ENABLE_NS_ASSERTIONS = NO;
				ENABLE_STRICT_OBJC_MSGSEND = YES;
				ENABLE_USER_SCRIPT_SANDBOXING = YES;
				GCC_C_LANGUAGE_STANDARD = gnu17;
				GCC_NO_COMMON_BLOCKS = YES;
				GCC_WARN_64_TO_32_BIT_CONVERSION = YES;
				GCC_WARN_ABOUT_RETURN_TYPE = YES_ERROR;
				GCC_WARN_UNDECLARED_SELECTOR = YES;
				GCC_WARN_UNINITIALIZED_AUTOS = YES_AGGRESSIVE;
				GCC_WARN_UNUSED_FUNCTION = YES;
				GCC_WARN_UNUSED_VARIABLE = YES;
				IPHONEOS_DEPLOYMENT_TARGET = 16.0;
				LOCALIZATION_PREFERS_STRING_CATALOGS = YES;
				MTL_ENABLE_DEBUG_INFO = NO;
				MTL_FAST_MATH = YES;
				SDKROOT = iphoneos;
				SWIFT_COMPILATION_MODE = wholemodule;
				VALIDATE_PRODUCT = YES;
			};
			name = Release;
		};
		AB7FABCD2BBC61D300B97DC3 /* Debug */ = {
			isa = XCBuildConfiguration;
			buildSettings = {
				ASSETCATALOG_COMPILER_APPICON_NAME = AppIcon;
				ASSETCATALOG_COMPILER_GLOBAL_ACCENT_COLOR_NAME = AccentColor;
				CODE_SIGN_IDENTITY = "Apple Development";
				CODE_SIGN_STYLE = Automatic;
				CURRENT_PROJECT_VERSION = 1;
				DEVELOPMENT_ASSET_PATHS = "\"Ecommerce/Preview Content\"";
				DEVELOPMENT_TEAM = V469DAHXMC;
				ENABLE_PREVIEWS = YES;
				GENERATE_INFOPLIST_FILE = YES;
				INFOPLIST_FILE = Ecommerce/Info.plist;
				INFOPLIST_KEY_UIApplicationSupportsIndirectInputEvents = YES;
				INFOPLIST_KEY_UILaunchScreen_Generation = YES;
				INFOPLIST_KEY_UILaunchStoryboardName = LaunchSplash.xib;
				INFOPLIST_KEY_UISupportedInterfaceOrientations = UIInterfaceOrientationPortrait;
				INFOPLIST_KEY_UIUserInterfaceStyle = Light;
				LD_RUNPATH_SEARCH_PATHS = (
					"$(inherited)",
					"@executable_path/Frameworks",
				);
				MARKETING_VERSION = 1.2;
				PRODUCT_BUNDLE_IDENTIFIER = app.Ecommerce;
				PRODUCT_NAME = "$(TARGET_NAME)";
				PROVISIONING_PROFILE_SPECIFIER = "";
				SUPPORTED_PLATFORMS = "iphoneos iphonesimulator";
				SUPPORTS_MACCATALYST = NO;
				SUPPORTS_MAC_DESIGNED_FOR_IPHONE_IPAD = NO;
				SUPPORTS_XR_DESIGNED_FOR_IPHONE_IPAD = NO;
				SWIFT_EMIT_LOC_STRINGS = YES;
				SWIFT_VERSION = 5.0;
				TARGETED_DEVICE_FAMILY = 1;
			};
			name = Debug;
		};
		AB7FABCE2BBC61D300B97DC3 /* Release */ = {
			isa = XCBuildConfiguration;
			buildSettings = {
				ASSETCATALOG_COMPILER_APPICON_NAME = AppIcon;
				ASSETCATALOG_COMPILER_GLOBAL_ACCENT_COLOR_NAME = AccentColor;
				CODE_SIGN_STYLE = Automatic;
				CURRENT_PROJECT_VERSION = 1;
				DEVELOPMENT_ASSET_PATHS = "\"Ecommerce/Preview Content\"";
				DEVELOPMENT_TEAM = V469DAHXMC;
				ENABLE_PREVIEWS = YES;
				GENERATE_INFOPLIST_FILE = YES;
				INFOPLIST_FILE = Ecommerce/Info.plist;
				INFOPLIST_KEY_UIApplicationSupportsIndirectInputEvents = YES;
				INFOPLIST_KEY_UILaunchScreen_Generation = YES;
				INFOPLIST_KEY_UILaunchStoryboardName = LaunchSplash.xib;
				INFOPLIST_KEY_UISupportedInterfaceOrientations = UIInterfaceOrientationPortrait;
				INFOPLIST_KEY_UIUserInterfaceStyle = Light;
				LD_RUNPATH_SEARCH_PATHS = (
					"$(inherited)",
					"@executable_path/Frameworks",
				);
				MARKETING_VERSION = 1.2;
				PRODUCT_BUNDLE_IDENTIFIER = app.Ecommerce;
				PRODUCT_NAME = "$(TARGET_NAME)";
				SUPPORTED_PLATFORMS = "iphoneos iphonesimulator";
				SUPPORTS_MACCATALYST = NO;
				SUPPORTS_MAC_DESIGNED_FOR_IPHONE_IPAD = NO;
				SUPPORTS_XR_DESIGNED_FOR_IPHONE_IPAD = NO;
				SWIFT_EMIT_LOC_STRINGS = YES;
				SWIFT_VERSION = 5.0;
				TARGETED_DEVICE_FAMILY = 1;
			};
			name = Release;
		};
/* End XCBuildConfiguration section */

/* Begin XCConfigurationList section */
		AB7FAB622BBC61D200B97DC3 /* Build configuration list for PBXProject "Ecommerce" */ = {
			isa = XCConfigurationList;
			buildConfigurations = (
				AB7FABCA2BBC61D300B97DC3 /* Debug */,
				AB7FABCB2BBC61D300B97DC3 /* Release */,
			);
			defaultConfigurationIsVisible = 0;
			defaultConfigurationName = Release;
		};
		AB7FABCC2BBC61D300B97DC3 /* Build configuration list for PBXNativeTarget "Ecommerce" */ = {
			isa = XCConfigurationList;
			buildConfigurations = (
				AB7FABCD2BBC61D300B97DC3 /* Debug */,
				AB7FABCE2BBC61D300B97DC3 /* Release */,
			);
			defaultConfigurationIsVisible = 0;
			defaultConfigurationName = Release;
		};
/* End XCConfigurationList section */
	};
	rootObject = AB7FAB5F2BBC61D200B97DC3 /* Project object */;
}
